
Microsoft Visual Studio Solution File, Format Version 12.00
# Visual Studio Version 17
VisualStudioVersion = 17.0.31717.71
MinimumVisualStudioVersion = 10.0.40219.1
Project("{9A19103F-16F7-4668-BE54-9A1E7A4F7556}") = "AdvancedCSharp", "AdvancedCSharp\AdvancedCSharp.csproj", "{C937A7D0-976D-4152-8C2F-7BE2E81DE9AF}"
EndProject
Project("{9A19103F-16F7-4668-BE54-9A1E7A4F7556}") = "AdvancedCSharpLibraries", "AdvancedCSharpLibraries\AdvancedCSharpLibraries.csproj", "{E5ACDC7E-16A7-4417-8113-2CFB548D0926}"
EndProject
Project("{FAE04EC0-301F-11D3-BF4B-00C04F79EFBC}") = "AdvancedCSharpLibrariesTests", "AdvancedCSharpLibrariesTests\AdvancedCSharpLibrariesTests.csproj", "{659466BF-43FE-4B3D-9A87-A7AF6A01D8F0}"
EndProject
Global
	GlobalSection(SolutionConfigurationPlatforms) = preSolution
		Debug|Any CPU = Debug|Any CPU
		Release|Any CPU = Release|Any CPU
	EndGlobalSection
	GlobalSection(ProjectConfigurationPlatforms) = postSolution
		{C937A7D0-976D-4152-8C2F-7BE2E81DE9AF}.Debug|Any CPU.ActiveCfg = Debug|Any CPU
		{C937A7D0-976D-4152-8C2F-7BE2E81DE9AF}.Debug|Any CPU.Build.0 = Debug|Any CPU
		{C937A7D0-976D-4152-8C2F-7BE2E81DE9AF}.Release|Any CPU.ActiveCfg = Release|Any CPU
		{C937A7D0-976D-4152-8C2F-7BE2E81DE9AF}.Release|Any CPU.Build.0 = Release|Any CPU
		{E5ACDC7E-16A7-4417-8113-2CFB548D0926}.Debug|Any CPU.ActiveCfg = Debug|Any CPU
		{E5ACDC7E-16A7-4417-8113-2CFB548D0926}.Debug|Any CPU.Build.0 = Debug|Any CPU
		{E5ACDC7E-16A7-4417-8113-2CFB548D0926}.Release|Any CPU.ActiveCfg = Release|Any CPU
		{E5ACDC7E-16A7-4417-8113-2CFB548D0926}.Release|Any CPU.Build.0 = Release|Any CPU
		{659466BF-43FE-4B3D-9A87-A7AF6A01D8F0}.Debug|Any CPU.ActiveCfg = Debug|Any CPU
		{659466BF-43FE-4B3D-9A87-A7AF6A01D8F0}.Debug|Any CPU.Build.0 = Debug|Any CPU
		{659466BF-43FE-4B3D-9A87-A7AF6A01D8F0}.Release|Any CPU.ActiveCfg = Release|Any CPU
		{659466BF-43FE-4B3D-9A87-A7AF6A01D8F0}.Release|Any CPU.Build.0 = Release|Any CPU
	EndGlobalSection
	GlobalSection(SolutionProperties) = preSolution
		HideSolutionNode = FALSE
	EndGlobalSection
	GlobalSection(ExtensibilityGlobals) = postSolution
		SolutionGuid = {60D5D0CD-C70D-45B2-A48B-ED5F1ADC7240}
	EndGlobalSection
EndGlobal
